{
  "name": "own_sdk",
  "version": "1.0.0",
  "lockfileVersion": 3,
  "requires": true,
  "packages": {
    "": {
      "name": "own_sdk",
      "version": "1.0.0",
      "license": "ISC",
      "dependencies": {
        "ritam-incident-sdk": "^1.0.0"
      }
    },
    "node_modules/ritam-incident-sdk": {
      "version": "1.0.0",
      "resolved": "https://registry.npmjs.org/ritam-incident-sdk/-/ritam-incident-sdk-1.0.0.tgz",
      "integrity": "sha512-cNQATDyk+MBH+qGw6XkOd6v4Np4gZI94HUC4OMED328ShKEi0aykITRfTqKBurCuElVqybf6ELomBtxJWxnEvw==",
      "license": "MIT"
    }
  }
}
